<?xml version="1.0" encoding="utf-8"?>
<Project ToolsVersion="4.0" xmlns="http://schemas.microsoft.com/developer/msbuild/2003">
  <ItemGroup>
    <Filter Include="Source Files">
      <UniqueIdentifier>{4FC737F1-C7A5-4376-A066-2A32D752A2FF}</UniqueIdentifier>
      <Extensions>cpp;c;cc;cxx;def;odl;idl;hpj;bat;asm;asmx</Extensions>
    </Filter>
    <Filter Include="Header Files">
      <UniqueIdentifier>{93995380-89BD-4b04-88EB-625FBE52EBFB}</UniqueIdentifier>
      <Extensions>h;hh;hpp;hxx;hm;inl;inc;xsd</Extensions>
    </Filter>
    <Filter Include="Resource Files">
      <UniqueIdentifier>{67DA6AB6-F800-4c08-8B7A-83BB121AAD01}</UniqueIdentifier>
      <Extensions>rc;ico;cur;bmp;dlg;rc2;rct;bin;rgs;gif;jpg;jpeg;jpe;resx;tiff;tif;png;wav;mfcribbon-ms</Extensions>
    </Filter>
  </ItemGroup>
  <ItemGroup>
    <Text Include="ReadMe.txt" />
  </ItemGroup>
  <ItemGroup>
    <ClInclude Include="stdafx.h">
      <Filter>Header Files</Filter>
    </ClInclude>
    <ClInclude Include="targetver.h">
      <Filter>Header Files</Filter>
    </ClInclude>
    <ClInclude Include="XiaozaiFilters.h">
      <Filter>Header Files</Filter>
    </ClInclude>
    <ClInclude Include="Config.h">
      <Filter>Header Files</Filter>
    </ClInclude>
    <ClInclude Include="FilterGuids.h">
      <Filter>Header Files</Filter>
    </ClInclude>
    <ClInclude Include="ISnapshotProvider.h">
      <Filter>Header Files</Filter>
    </ClInclude>
    <ClInclude Include="ISuperSettings.h">
      <Filter>Header Files</Filter>
    </ClInclude>
    <ClInclude Include="..\Comm\ComHelper.h">
      <Filter>Header Files</Filter>
    </ClInclude>
    <ClInclude Include="..\Comm\Exception.h">
      <Filter>Header Files</Filter>
    </ClInclude>
    <ClInclude Include="..\Comm\ID.h">
      <Filter>Header Files</Filter>
    </ClInclude>
    <ClInclude Include="..\Comm\Thread.h">
      <Filter>Header Files</Filter>
    </ClInclude>
    <ClInclude Include="..\Comm\TString.h">
      <Filter>Header Files</Filter>
    </ClInclude>
    <ClInclude Include="..\Comm\Win32_Utils.h">
      <Filter>Header Files</Filter>
    </ClInclude>
    <ClInclude Include="..\Comm\CIOBuffer.h">
      <Filter>Header Files</Filter>
    </ClInclude>
    <ClInclude Include="..\Comm\CRefCountObject.h">
      <Filter>Header Files</Filter>
    </ClInclude>
    <ClInclude Include="..\Comm\IIOBuffer.h">
      <Filter>Header Files</Filter>
    </ClInclude>
    <ClInclude Include="..\Comm\IRefCount.h">
      <Filter>Header Files</Filter>
    </ClInclude>
    <ClInclude Include="..\Comm\HeapAllocator.h">
      <Filter>Header Files</Filter>
    </ClInclude>
    <ClInclude Include="FFMpegOutputWapper.h">
      <Filter>Header Files</Filter>
    </ClInclude>
    <ClInclude Include="FFMpegInputWapper.h">
      <Filter>Header Files</Filter>
    </ClInclude>
    <ClInclude Include="FFMpegDecoder.h">
      <Filter>Header Files</Filter>
    </ClInclude>
    <ClInclude Include="FFMpegEncoder.h">
      <Filter>Header Files</Filter>
    </ClInclude>
    <ClInclude Include="SampleQueue.h">
      <Filter>Header Files</Filter>
    </ClInclude>
    <ClInclude Include="XiaozaiAVController.h">
      <Filter>Header Files</Filter>
    </ClInclude>
    <ClInclude Include="FFMpegFilter.h">
      <Filter>Header Files</Filter>
    </ClInclude>
    <ClInclude Include="previewLocalController.h">
      <Filter>Header Files</Filter>
    </ClInclude>
    <ClInclude Include="PreviewLocalFilters.h">
      <Filter>Header Files</Filter>
    </ClInclude>
    <ClInclude Include="previewRtmpController.h">
      <Filter>Header Files</Filter>
    </ClInclude>
    <ClInclude Include="PreviewRtmpFilters.h">
      <Filter>Header Files</Filter>
    </ClInclude>
  </ItemGroup>
  <ItemGroup>
    <ClCompile Include="stdafx.cpp">
      <Filter>Source Files</Filter>
    </ClCompile>
    <ClCompile Include="XiaozaiFilters.cpp">
      <Filter>Source Files</Filter>
    </ClCompile>
    <ClCompile Include="InitUUIDs.cpp">
      <Filter>Source Files</Filter>
    </ClCompile>
    <ClCompile Include="..\Comm\Exception.cpp">
      <Filter>Source Files</Filter>
    </ClCompile>
    <ClCompile Include="..\Comm\ID.cpp">
      <Filter>Source Files</Filter>
    </ClCompile>
    <ClCompile Include="..\Comm\Thread.cpp">
      <Filter>Source Files</Filter>
    </ClCompile>
    <ClCompile Include="..\Comm\TString.cpp">
      <Filter>Source Files</Filter>
    </ClCompile>
    <ClCompile Include="..\Comm\Win32_Utils.cpp">
      <Filter>Source Files</Filter>
    </ClCompile>
    <ClCompile Include="..\Comm\CIOBuffer.cpp">
      <Filter>Source Files</Filter>
    </ClCompile>
    <ClCompile Include="..\Comm\CRefCountObject.cpp">
      <Filter>Source Files</Filter>
    </ClCompile>
    <ClCompile Include="..\Comm\HeapAllocator.cpp">
      <Filter>Source Files</Filter>
    </ClCompile>
    <ClCompile Include="FFMpegOutputWapper.cpp">
      <Filter>Source Files</Filter>
    </ClCompile>
    <ClCompile Include="FFMpegInputWapper.cpp">
      <Filter>Source Files</Filter>
    </ClCompile>
    <ClCompile Include="FFMpegDecoder.cpp">
      <Filter>Source Files</Filter>
    </ClCompile>
    <ClCompile Include="FFMpegEncoder.cpp">
      <Filter>Source Files</Filter>
    </ClCompile>
    <ClCompile Include="SampleQueue.cpp">
      <Filter>Source Files</Filter>
    </ClCompile>
    <ClCompile Include="XiaozaiAVController.cpp">
      <Filter>Source Files</Filter>
    </ClCompile>
    <ClCompile Include="FFMpegFilter.cpp">
      <Filter>Source Files</Filter>
    </ClCompile>
    <ClCompile Include="previewLocalController.cpp">
      <Filter>Source Files</Filter>
    </ClCompile>
    <ClCompile Include="PreviewLocalFilters.cpp">
      <Filter>Source Files</Filter>
    </ClCompile>
    <ClCompile Include="previewRtmpController.cpp">
      <Filter>Source Files</Filter>
    </ClCompile>
    <ClCompile Include="PreviewRtmpFilters.cpp">
      <Filter>Source Files</Filter>
    </ClCompile>
  </ItemGroup>
</Project>